
Microsoft Visual Studio Solution File, Format Version 11.00
# Visual Studio 2010
Project("{FAE04EC0-301F-11D3-BF4B-00C04F79EFBC}") = "MPPColocviu", "Examen\MPPColocviu.csproj", "{63695EA0-89B9-420B-B30B-8BEDA9C77A0E}"
EndProject
Global
	GlobalSection(SolutionConfigurationPlatforms) = preSolution
		Debug|Any CPU = Debug|Any CPU
		Release|Any CPU = Release|Any CPU
	EndGlobalSection
	GlobalSection(ProjectConfigurationPlatforms) = postSolution
		{63695EA0-89B9-420B-B30B-8BEDA9C77A0E}.Debug|Any CPU.ActiveCfg = Debug|Any CPU
		{63695EA0-89B9-420B-B30B-8BEDA9C77A0E}.Debug|Any CPU.Build.0 = Debug|Any CPU
		{63695EA0-89B9-420B-B30B-8BEDA9C77A0E}.Release|Any CPU.ActiveCfg = Release|Any CPU
		{63695EA0-89B9-420B-B30B-8BEDA9C77A0E}.Release|Any CPU.Build.0 = Release|Any CPU
	EndGlobalSection
	GlobalSection(SolutionProperties) = preSolution
		HideSolutionNode = FALSE
	EndGlobalSection
EndGlobal
